// !$*UTF8*$!
{
	archiveVersion = 1;
	classes = {
	};
	objectVersion = 50;
	objects = {

/* Begin PBXBuildFile section */
		221199BE26011A1D005515DF /* Hint.swift in Sources */ = {isa = PBXBuildFile; fileRef = 221199BD26011A1D005515DF /* Hint.swift */; };
		221199C026011AB7005515DF /* Hint1.swift in Sources */ = {isa = PBXBuildFile; fileRef = 221199BF26011AB7005515DF /* Hint1.swift */; };
		221199C226011BA5005515DF /* Hint2.swift in Sources */ = {isa = PBXBuildFile; fileRef = 221199C126011BA5005515DF /* Hint2.swift */; };
		221199C426014840005515DF /* Printable.swift in Sources */ = {isa = PBXBuildFile; fileRef = 221199C326014840005515DF /* Printable.swift */; };
		2220E5CF25FF7C8700AA965A /* Question.swift in Sources */ = {isa = PBXBuildFile; fileRef = 2220E5CE25FF7C8700AA965A /* Question.swift */; };
		2220E5D125FF7CEC00AA965A /* AnswerChoices.swift in Sources */ = {isa = PBXBuildFile; fileRef = 2220E5D025FF7CEC00AA965A /* AnswerChoices.swift */; };
		2220E5D325FF7D7400AA965A /* Winning.swift in Sources */ = {isa = PBXBuildFile; fileRef = 2220E5D225FF7D7400AA965A /* Winning.swift */; };
		2220E5D525FF828D00AA965A /* Int.swift in Sources */ = {isa = PBXBuildFile; fileRef = 2220E5D425FF828D00AA965A /* Int.swift */; };
		2274CE5025F6526800456D29 /* main.swift in Sources */ = {isa = PBXBuildFile; fileRef = 2274CE4F25F6526800456D29 /* main.swift */; };
		22E5AF8425FA424C00F0F1D8 /* BankofQuestions.swift in Sources */ = {isa = PBXBuildFile; fileRef = 22E5AF8325FA424C00F0F1D8 /* BankofQuestions.swift */; };
		22E5AF8625FA43CA00F0F1D8 /* Player.swift in Sources */ = {isa = PBXBuildFile; fileRef = 22E5AF8525FA43CA00F0F1D8 /* Player.swift */; };
		22E5AF8825FA449900F0F1D8 /* Game.swift in Sources */ = {isa = PBXBuildFile; fileRef = 22E5AF8725FA449900F0F1D8 /* Game.swift */; };
		22F8B17725FF95BF00EE61D1 /* Bool.swift in Sources */ = {isa = PBXBuildFile; fileRef = 22F8B17625FF95BF00EE61D1 /* Bool.swift */; };
/* End PBXBuildFile section */

/* Begin PBXCopyFilesBuildPhase section */
		2274CE4A25F6526800456D29 /* CopyFiles */ = {
			isa = PBXCopyFilesBuildPhase;
			buildActionMask = 2147483647;
			dstPath = /usr/share/man/man1/;
			dstSubfolderSpec = 0;
			files = (
			);
			runOnlyForDeploymentPostprocessing = 1;
		};
/* End PBXCopyFilesBuildPhase section */

/* Begin PBXFileReference section */
		221199BD26011A1D005515DF /* Hint.swift */ = {isa = PBXFileReference; lastKnownFileType = sourcecode.swift; path = Hint.swift; sourceTree = "<group>"; };
		221199BF26011AB7005515DF /* Hint1.swift */ = {isa = PBXFileReference; lastKnownFileType = sourcecode.swift; path = Hint1.swift; sourceTree = "<group>"; };
		221199C126011BA5005515DF /* Hint2.swift */ = {isa = PBXFileReference; lastKnownFileType = sourcecode.swift; path = Hint2.swift; sourceTree = "<group>"; };
		221199C326014840005515DF /* Printable.swift */ = {isa = PBXFileReference; lastKnownFileType = sourcecode.swift; path = Printable.swift; sourceTree = "<group>"; };
		2220E5CE25FF7C8700AA965A /* Question.swift */ = {isa = PBXFileReference; lastKnownFileType = sourcecode.swift; path = Question.swift; sourceTree = "<group>"; };
		2220E5D025FF7CEC00AA965A /* AnswerChoices.swift */ = {isa = PBXFileReference; lastKnownFileType = sourcecode.swift; path = AnswerChoices.swift; sourceTree = "<group>"; };
		2220E5D225FF7D7400AA965A /* Winning.swift */ = {isa = PBXFileReference; lastKnownFileType = sourcecode.swift; path = Winning.swift; sourceTree = "<group>"; };
		2220E5D425FF828D00AA965A /* Int.swift */ = {isa = PBXFileReference; lastKnownFileType = sourcecode.swift; path = Int.swift; sourceTree = "<group>"; };
		2274CE4C25F6526800456D29 /* GameMillionaire */ = {isa = PBXFileReference; explicitFileType = "compiled.mach-o.executable"; includeInIndex = 0; path = GameMillionaire; sourceTree = BUILT_PRODUCTS_DIR; };
		2274CE4F25F6526800456D29 /* main.swift */ = {isa = PBXFileReference; lastKnownFileType = sourcecode.swift; path = main.swift; sourceTree = "<group>"; };
		22E5AF8325FA424C00F0F1D8 /* BankofQuestions.swift */ = {isa = PBXFileReference; lastKnownFileType = sourcecode.swift; path = BankofQuestions.swift; sourceTree = "<group>"; };
		22E5AF8525FA43CA00F0F1D8 /* Player.swift */ = {isa = PBXFileReference; lastKnownFileType = sourcecode.swift; path = Player.swift; sourceTree = "<group>"; };
		22E5AF8725FA449900F0F1D8 /* Game.swift */ = {isa = PBXFileReference; lastKnownFileType = sourcecode.swift; path = Game.swift; sourceTree = "<group>"; };
		22F8B17625FF95BF00EE61D1 /* Bool.swift */ = {isa = PBXFileReference; lastKnownFileType = sourcecode.swift; path = Bool.swift; sourceTree = "<group>"; };
/* End PBXFileReference section */

/* Begin PBXFrameworksBuildPhase section */
		2274CE4925F6526800456D29 /* Frameworks */ = {
			isa = PBXFrameworksBuildPhase;
			buildActionMask = 2147483647;
			files = (
			);
			runOnlyForDeploymentPostprocessing = 0;
		};
/* End PBXFrameworksBuildPhase section */

/* Begin PBXGroup section */
		2274CE4325F6526800456D29 = {
			isa = PBXGroup;
			children = (
				2274CE4E25F6526800456D29 /* GameMillionaire */,
				2274CE4D25F6526800456D29 /* Products */,
			);
			sourceTree = "<group>";
		};
		2274CE4D25F6526800456D29 /* Products */ = {
			isa = PBXGroup;
			children = (
				2274CE4C25F6526800456D29 /* GameMillionaire */,
			);
			name = Products;
			sourceTree = "<group>";
		};
		2274CE4E25F6526800456D29 /* GameMillionaire */ = {
			isa = PBXGroup;
			children = (
				2274CE4F25F6526800456D29 /* main.swift */,
				22E5AF8325FA424C00F0F1D8 /* BankofQuestions.swift */,
				22E5AF8525FA43CA00F0F1D8 /* Player.swift */,
				22E5AF8725FA449900F0F1D8 /* Game.swift */,
				2220E5CE25FF7C8700AA965A /* Question.swift */,
				2220E5D025FF7CEC00AA965A /* AnswerChoices.swift */,
				2220E5D225FF7D7400AA965A /* Winning.swift */,
				221199BF26011AB7005515DF /* Hint1.swift */,
				2220E5D425FF828D00AA965A /* Int.swift */,
				22F8B17625FF95BF00EE61D1 /* Bool.swift */,
				221199BD26011A1D005515DF /* Hint.swift */,
				221199C126011BA5005515DF /* Hint2.swift */,
				221199C326014840005515DF /* Printable.swift */,
			);
			path = GameMillionaire;
			sourceTree = "<group>";
		};
/* End PBXGroup section */

/* Begin PBXNativeTarget section */
		2274CE4B25F6526800456D29 /* GameMillionaire */ = {
			isa = PBXNativeTarget;
			buildConfigurationList = 2274CE5325F6526800456D29 /* Build configuration list for PBXNativeTarget "GameMillionaire" */;
			buildPhases = (
				2274CE4825F6526800456D29 /* Sources */,
				2274CE4925F6526800456D29 /* Frameworks */,
				2274CE4A25F6526800456D29 /* CopyFiles */,
			);
			buildRules = (
			);
			dependencies = (
			);
			name = GameMillionaire;
			productName = GameMillionaire;
			productReference = 2274CE4C25F6526800456D29 /* GameMillionaire */;
			productType = "com.apple.product-type.tool";
		};
/* End PBXNativeTarget section */

/* Begin PBXProject section */
		2274CE4425F6526800456D29 /* Project object */ = {
			isa = PBXProject;
			attributes = {
				LastSwiftUpdateCheck = 0940;
				LastUpgradeCheck = 0940;
				ORGANIZATIONNAME = Wanja;
				TargetAttributes = {
					2274CE4B25F6526800456D29 = {
						CreatedOnToolsVersion = 9.4;
					};
				};
			};
			buildConfigurationList = 2274CE4725F6526800456D29 /* Build configuration list for PBXProject "GameMillionaire" */;
			compatibilityVersion = "Xcode 9.3";
			developmentRegion = en;
			hasScannedForEncodings = 0;
			knownRegions = (
				en,
			);
			mainGroup = 2274CE4325F6526800456D29;
			productRefGroup = 2274CE4D25F6526800456D29 /* Products */;
			projectDirPath = "";
			projectRoot = "";
			targets = (
				2274CE4B25F6526800456D29 /* GameMillionaire */,
			);
		};
/* End PBXProject section */

/* Begin PBXSourcesBuildPhase section */
		2274CE4825F6526800456D29 /* Sources */ = {
			isa = PBXSourcesBuildPhase;
			buildActionMask = 2147483647;
			files = (
				221199BE26011A1D005515DF /* Hint.swift in Sources */,
				2220E5CF25FF7C8700AA965A /* Question.swift in Sources */,
				22E5AF8425FA424C00F0F1D8 /* BankofQuestions.swift in Sources */,
				221199C226011BA5005515DF /* Hint2.swift in Sources */,
				2220E5D125FF7CEC00AA965A /* AnswerChoices.swift in Sources */,
				22E5AF8625FA43CA00F0F1D8 /* Player.swift in Sources */,
				2274CE5025F6526800456D29 /* main.swift in Sources */,
				22F8B17725FF95BF00EE61D1 /* Bool.swift in Sources */,
				221199C426014840005515DF /* Printable.swift in Sources */,
				2220E5D325FF7D7400AA965A /* Winning.swift in Sources */,
				221199C026011AB7005515DF /* Hint1.swift in Sources */,
				22E5AF8825FA449900F0F1D8 /* Game.swift in Sources */,
				2220E5D525FF828D00AA965A /* Int.swift in Sources */,
			);
			runOnlyForDeploymentPostprocessing = 0;
		};
/* End PBXSourcesBuildPhase section */

/* Begin XCBuildConfiguration section */
		2274CE5125F6526800456D29 /* Debug */ = {
			isa = XCBuildConfiguration;
			buildSettings = {
				ALWAYS_SEARCH_USER_PATHS = NO;
				CLANG_ANALYZER_NONNULL = YES;
				CLANG_ANALYZER_NUMBER_OBJECT_CONVERSION = YES_AGGRESSIVE;
				CLANG_CXX_LANGUAGE_STANDARD = "gnu++14";
				CLANG_CXX_LIBRARY = "libc++";
				CLANG_ENABLE_MODULES = YES;
				CLANG_ENABLE_OBJC_ARC = YES;
				CLANG_ENABLE_OBJC_WEAK = YES;
				CLANG_WARN_BLOCK_CAPTURE_AUTORELEASING = YES;
				CLANG_WARN_BOOL_CONVERSION = YES;
				CLANG_WARN_COMMA = YES;
				CLANG_WARN_CONSTANT_CONVERSION = YES;
				CLANG_WARN_DEPRECATED_OBJC_IMPLEMENTATIONS = YES;
				CLANG_WARN_DIRECT_OBJC_ISA_USAGE = YES_ERROR;
				CLANG_WARN_DOCUMENTATION_COMMENTS = YES;
				CLANG_WARN_EMPTY_BODY = YES;
				CLANG_WARN_ENUM_CONVERSION = YES;
				CLANG_WARN_INFINITE_RECURSION = YES;
				CLANG_WARN_INT_CONVERSION = YES;
				CLANG_WARN_NON_LITERAL_NULL_CONVERSION = YES;
				CLANG_WARN_OBJC_IMPLICIT_RETAIN_SELF = YES;
				CLANG_WARN_OBJC_LITERAL_CONVERSION = YES;
				CLANG_WARN_OBJC_ROOT_CLASS = YES_ERROR;
				CLANG_WARN_RANGE_LOOP_ANALYSIS = YES;
				CLANG_WARN_STRICT_PROTOTYPES = YES;
				CLANG_WARN_SUSPICIOUS_MOVE = YES;
				CLANG_WARN_UNGUARDED_AVAILABILITY = YES_AGGRESSIVE;
				CLANG_WARN_UNREACHABLE_CODE = YES;
				CLANG_WARN__DUPLICATE_METHOD_MATCH = YES;
				CODE_SIGN_IDENTITY = "-";
				COPY_PHASE_STRIP = NO;
				DEBUG_INFORMATION_FORMAT = dwarf;
				ENABLE_STRICT_OBJC_MSGSEND = YES;
				ENABLE_TESTABILITY = YES;
				GCC_C_LANGUAGE_STANDARD = gnu11;
				GCC_DYNAMIC_NO_PIC = NO;
				GCC_NO_COMMON_BLOCKS = YES;
				GCC_OPTIMIZATION_LEVEL = 0;
				GCC_PREPROCESSOR_DEFINITIONS = (
					"DEBUG=1",
					"$(inherited)",
				);
				GCC_WARN_64_TO_32_BIT_CONVERSION = YES;
				GCC_WARN_ABOUT_RETURN_TYPE = YES_ERROR;
				GCC_WARN_UNDECLARED_SELECTOR = YES;
				GCC_WARN_UNINITIALIZED_AUTOS = YES_AGGRESSIVE;
				GCC_WARN_UNUSED_FUNCTION = YES;
				GCC_WARN_UNUSED_VARIABLE = YES;
				MACOSX_DEPLOYMENT_TARGET = 10.13;
				MTL_ENABLE_DEBUG_INFO = YES;
				ONLY_ACTIVE_ARCH = YES;
				SDKROOT = macosx;
				SWIFT_ACTIVE_COMPILATION_CONDITIONS = DEBUG;
				SWIFT_OPTIMIZATION_LEVEL = "-Onone";
			};
			name = Debug;
		};
		2274CE5225F6526800456D29 /* Release */ = {
			isa = XCBuildConfiguration;
			buildSettings = {
				ALWAYS_SEARCH_USER_PATHS = NO;
				CLANG_ANALYZER_NONNULL = YES;
				CLANG_ANALYZER_NUMBER_OBJECT_CONVERSION = YES_AGGRESSIVE;
				CLANG_CXX_LANGUAGE_STANDARD = "gnu++14";
				CLANG_CXX_LIBRARY = "libc++";
				CLANG_ENABLE_MODULES = YES;
				CLANG_ENABLE_OBJC_ARC = YES;
				CLANG_ENABLE_OBJC_WEAK = YES;
				CLANG_WARN_BLOCK_CAPTURE_AUTORELEASING = YES;
				CLANG_WARN_BOOL_CONVERSION = YES;
				CLANG_WARN_COMMA = YES;
				CLANG_WARN_CONSTANT_CONVERSION = YES;
				CLANG_WARN_DEPRECATED_OBJC_IMPLEMENTATIONS = YES;
				CLANG_WARN_DIRECT_OBJC_ISA_USAGE = YES_ERROR;
				CLANG_WARN_DOCUMENTATION_COMMENTS = YES;
				CLANG_WARN_EMPTY_BODY = YES;
				CLANG_WARN_ENUM_CONVERSION = YES;
				CLANG_WARN_INFINITE_RECURSION = YES;
				CLANG_WARN_INT_CONVERSION = YES;
				CLANG_WARN_NON_LITERAL_NULL_CONVERSION = YES;
				CLANG_WARN_OBJC_IMPLICIT_RETAIN_SELF = YES;
				CLANG_WARN_OBJC_LITERAL_CONVERSION = YES;
				CLANG_WARN_OBJC_ROOT_CLASS = YES_ERROR;
				CLANG_WARN_RANGE_LOOP_ANALYSIS = YES;
				CLANG_WARN_STRICT_PROTOTYPES = YES;
				CLANG_WARN_SUSPICIOUS_MOVE = YES;
				CLANG_WARN_UNGUARDED_AVAILABILITY = YES_AGGRESSIVE;
				CLANG_WARN_UNREACHABLE_CODE = YES;
				CLANG_WARN__DUPLICATE_METHOD_MATCH = YES;
				CODE_SIGN_IDENTITY = "-";
				COPY_PHASE_STRIP = NO;
				DEBUG_INFORMATION_FORMAT = "dwarf-with-dsym";
				ENABLE_NS_ASSERTIONS = NO;
				ENABLE_STRICT_OBJC_MSGSEND = YES;
				GCC_C_LANGUAGE_STANDARD = gnu11;
				GCC_NO_COMMON_BLOCKS = YES;
				GCC_WARN_64_TO_32_BIT_CONVERSION = YES;
				GCC_WARN_ABOUT_RETURN_TYPE = YES_ERROR;
				GCC_WARN_UNDECLARED_SELECTOR = YES;
				GCC_WARN_UNINITIALIZED_AUTOS = YES_AGGRESSIVE;
				GCC_WARN_UNUSED_FUNCTION = YES;
				GCC_WARN_UNUSED_VARIABLE = YES;
				MACOSX_DEPLOYMENT_TARGET = 10.13;
				MTL_ENABLE_DEBUG_INFO = NO;
				SDKROOT = macosx;
				SWIFT_COMPILATION_MODE = wholemodule;
				SWIFT_OPTIMIZATION_LEVEL = "-O";
			};
			name = Release;
		};
		2274CE5425F6526800456D29 /* Debug */ = {
			isa = XCBuildConfiguration;
			buildSettings = {
				CODE_SIGN_STYLE = Automatic;
				PRODUCT_NAME = "$(TARGET_NAME)";
				SWIFT_VERSION = 4.0;
			};
			name = Debug;
		};
		2274CE5525F6526800456D29 /* Release */ = {
			isa = XCBuildConfiguration;
			buildSettings = {
				CODE_SIGN_STYLE = Automatic;
				PRODUCT_NAME = "$(TARGET_NAME)";
				SWIFT_VERSION = 4.0;
			};
			name = Release;
		};
/* End XCBuildConfiguration section */

/* Begin XCConfigurationList section */
		2274CE4725F6526800456D29 /* Build configuration list for PBXProject "GameMillionaire" */ = {
			isa = XCConfigurationList;
			buildConfigurations = (
				2274CE5125F6526800456D29 /* Debug */,
				2274CE5225F6526800456D29 /* Release */,
			);
			defaultConfigurationIsVisible = 0;
			defaultConfigurationName = Release;
		};
		2274CE5325F6526800456D29 /* Build configuration list for PBXNativeTarget "GameMillionaire" */ = {
			isa = XCConfigurationList;
			buildConfigurations = (
				2274CE5425F6526800456D29 /* Debug */,
				2274CE5525F6526800456D29 /* Release */,
			);
			defaultConfigurationIsVisible = 0;
			defaultConfigurationName = Release;
		};
/* End XCConfigurationList section */
	};
	rootObject = 2274CE4425F6526800456D29 /* Project object */;
}
